
Microsoft Visual Studio Solution File, Format Version 12.00
# Visual Studio 14
VisualStudioVersion = 14.0.25420.1
MinimumVisualStudioVersion = 10.0.40219.1
Project("{F5034706-568F-408A-B7B3-4D38C6DB8A32}") = "Gherkin4Powershell", "Gherkin4Powershell.pssproj", "{6CAFC0C6-A428-4D30-A9F9-700E829FEA51}"
EndProject
Project("{FAE04EC0-301F-11D3-BF4B-00C04F79EFBC}") = "TestScriptGenerator", "TestScriptGenerator\TestScriptGenerator.csproj", "{EC9D12EC-3A81-483C-A9B8-F4733EC6C540}"
EndProject
Global
	GlobalSection(SolutionConfigurationPlatforms) = preSolution
		Debug|Any CPU = Debug|Any CPU
		Release|Any CPU = Release|Any CPU
	EndGlobalSection
	GlobalSection(ProjectConfigurationPlatforms) = postSolution
		{6CAFC0C6-A428-4D30-A9F9-700E829FEA51}.Debug|Any CPU.ActiveCfg = Debug|Any CPU
		{6CAFC0C6-A428-4D30-A9F9-700E829FEA51}.Debug|Any CPU.Build.0 = Debug|Any CPU
		{6CAFC0C6-A428-4D30-A9F9-700E829FEA51}.Release|Any CPU.ActiveCfg = Release|Any CPU
		{6CAFC0C6-A428-4D30-A9F9-700E829FEA51}.Release|Any CPU.Build.0 = Release|Any CPU
		{EC9D12EC-3A81-483C-A9B8-F4733EC6C540}.Debug|Any CPU.ActiveCfg = Debug|Any CPU
		{EC9D12EC-3A81-483C-A9B8-F4733EC6C540}.Debug|Any CPU.Build.0 = Debug|Any CPU
		{EC9D12EC-3A81-483C-A9B8-F4733EC6C540}.Release|Any CPU.ActiveCfg = Release|Any CPU
		{EC9D12EC-3A81-483C-A9B8-F4733EC6C540}.Release|Any CPU.Build.0 = Release|Any CPU
	EndGlobalSection
	GlobalSection(SolutionProperties) = preSolution
		HideSolutionNode = FALSE
	EndGlobalSection
EndGlobal
